
Microsoft Visual Studio Solution File, Format Version 12.00
# Visual Studio Version 16
VisualStudioVersion = 16.0.32002.261
MinimumVisualStudioVersion = 10.0.40219.1
Project("{FAE04EC0-301F-11D3-BF4B-00C04F79EFBC}") = "Universal Minecraft Editor Mod++", "Universal Minecraft Editor Mod++\Universal Minecraft Editor Mod++.csproj", "{B52F7544-27C0-40B9-B33D-12A26AFF9F16}"
EndProject
Global
	GlobalSection(SolutionConfigurationPlatforms) = preSolution
		Debug|Any CPU = Debug|Any CPU
		Release|Any CPU = Release|Any CPU
	EndGlobalSection
	GlobalSection(ProjectConfigurationPlatforms) = postSolution
		{B52F7544-27C0-40B9-B33D-12A26AFF9F16}.Debug|Any CPU.ActiveCfg = Debug|Any CPU
		{B52F7544-27C0-40B9-B33D-12A26AFF9F16}.Debug|Any CPU.Build.0 = Debug|Any CPU
		{B52F7544-27C0-40B9-B33D-12A26AFF9F16}.Release|Any CPU.ActiveCfg = Release|Any CPU
		{B52F7544-27C0-40B9-B33D-12A26AFF9F16}.Release|Any CPU.Build.0 = Release|Any CPU
	EndGlobalSection
	GlobalSection(SolutionProperties) = preSolution
		HideSolutionNode = FALSE
	EndGlobalSection
	GlobalSection(ExtensibilityGlobals) = postSolution
		SolutionGuid = {D3A25D55-A5BF-4369-A576-3A0B963962D6}
	EndGlobalSection
EndGlobal
